
Microsoft Visual Studio Solution File, Format Version 12.00
# Visual Studio 2017
Project("{FAE04EC0-301F-11D3-BF4B-00C04F79EFBC}") = "PlatformGame", "PlatformGame.csproj", "{600B8D94-B041-399A-FA08-32B938DC5A87}"
EndProject
Global
	GlobalSection(SolutionConfigurationPlatforms) = preSolution
		Debug|Any CPU = Debug|Any CPU
		Release|Any CPU = Release|Any CPU
	EndGlobalSection
	GlobalSection(ProjectConfigurationPlatforms) = postSolution
		{600B8D94-B041-399A-FA08-32B938DC5A87}.Debug|Any CPU.ActiveCfg = Debug|Any CPU
		{600B8D94-B041-399A-FA08-32B938DC5A87}.Debug|Any CPU.Build.0 = Debug|Any CPU
		{600B8D94-B041-399A-FA08-32B938DC5A87}.Release|Any CPU.ActiveCfg = Release|Any CPU
		{600B8D94-B041-399A-FA08-32B938DC5A87}.Release|Any CPU.Build.0 = Release|Any CPU
	EndGlobalSection
	GlobalSection(SolutionProperties) = preSolution
		HideSolutionNode = FALSE
	EndGlobalSection
EndGlobal
